
Microsoft Visual Studio Solution File, Format Version 12.00
# Visual Studio Version 16
VisualStudioVersion = 16.0.36631.11
MinimumVisualStudioVersion = 10.0.40219.1
Project("{FAE04EC0-301F-11D3-BF4B-00C04F79EFBC}") = "TotpService", "TotpService.csproj", "{5A24A18D-055C-4F3A-B7E5-781D04A1A0F4}"
EndProject
Global
	GlobalSection(SolutionConfigurationPlatforms) = preSolution
		Debug|Any CPU = Debug|Any CPU
		Release|Any CPU = Release|Any CPU
	EndGlobalSection
	GlobalSection(ProjectConfigurationPlatforms) = postSolution
		{5A24A18D-055C-4F3A-B7E5-781D04A1A0F4}.Debug|Any CPU.ActiveCfg = Debug|Any CPU
		{5A24A18D-055C-4F3A-B7E5-781D04A1A0F4}.Debug|Any CPU.Build.0 = Debug|Any CPU
		{5A24A18D-055C-4F3A-B7E5-781D04A1A0F4}.Release|Any CPU.ActiveCfg = Release|Any CPU
		{5A24A18D-055C-4F3A-B7E5-781D04A1A0F4}.Release|Any CPU.Build.0 = Release|Any CPU
	EndGlobalSection
	GlobalSection(SolutionProperties) = preSolution
		HideSolutionNode = FALSE
	EndGlobalSection
	GlobalSection(ExtensibilityGlobals) = postSolution
		SolutionGuid = {58A44372-78F9-4B31-B54A-A565080A4753}
	EndGlobalSection
EndGlobal
