
Microsoft Visual Studio Solution File, Format Version 12.00
# Visual Studio Version 16
VisualStudioVersion = 16.0.36631.11
MinimumVisualStudioVersion = 10.0.40219.1
Project("{FAE04EC0-301F-11D3-BF4B-00C04F79EFBC}") = "AccountControllers", "AccountControllers.csproj", "{7D2C8294-1664-41E4-8B30-33D17976C6A5}"
EndProject
Global
	GlobalSection(SolutionConfigurationPlatforms) = preSolution
		Debug|Any CPU = Debug|Any CPU
		Release|Any CPU = Release|Any CPU
	EndGlobalSection
	GlobalSection(ProjectConfigurationPlatforms) = postSolution
		{7D2C8294-1664-41E4-8B30-33D17976C6A5}.Debug|Any CPU.ActiveCfg = Debug|Any CPU
		{7D2C8294-1664-41E4-8B30-33D17976C6A5}.Debug|Any CPU.Build.0 = Debug|Any CPU
		{7D2C8294-1664-41E4-8B30-33D17976C6A5}.Release|Any CPU.ActiveCfg = Release|Any CPU
		{7D2C8294-1664-41E4-8B30-33D17976C6A5}.Release|Any CPU.Build.0 = Release|Any CPU
	EndGlobalSection
	GlobalSection(SolutionProperties) = preSolution
		HideSolutionNode = FALSE
	EndGlobalSection
	GlobalSection(ExtensibilityGlobals) = postSolution
		SolutionGuid = {6A0D214B-F466-4E93-8538-ABF8F74F8EF3}
	EndGlobalSection
EndGlobal
