
Microsoft Visual Studio Solution File, Format Version 12.00
# Visual Studio Version 16
VisualStudioVersion = 16.0.36631.11
MinimumVisualStudioVersion = 10.0.40219.1
Project("{FAE04EC0-301F-11D3-BF4B-00C04F79EFBC}") = "QRCodeService", "QRCodeService.csproj", "{8FB06F1F-5F7C-4EEC-B2B5-762239E8766A}"
EndProject
Global
	GlobalSection(SolutionConfigurationPlatforms) = preSolution
		Debug|Any CPU = Debug|Any CPU
		Release|Any CPU = Release|Any CPU
	EndGlobalSection
	GlobalSection(ProjectConfigurationPlatforms) = postSolution
		{8FB06F1F-5F7C-4EEC-B2B5-762239E8766A}.Debug|Any CPU.ActiveCfg = Debug|Any CPU
		{8FB06F1F-5F7C-4EEC-B2B5-762239E8766A}.Debug|Any CPU.Build.0 = Debug|Any CPU
		{8FB06F1F-5F7C-4EEC-B2B5-762239E8766A}.Release|Any CPU.ActiveCfg = Release|Any CPU
		{8FB06F1F-5F7C-4EEC-B2B5-762239E8766A}.Release|Any CPU.Build.0 = Release|Any CPU
	EndGlobalSection
	GlobalSection(SolutionProperties) = preSolution
		HideSolutionNode = FALSE
	EndGlobalSection
	GlobalSection(ExtensibilityGlobals) = postSolution
		SolutionGuid = {726F45E9-D546-4333-9256-C5F90FBA5D1C}
	EndGlobalSection
EndGlobal
