
Microsoft Visual Studio Solution File, Format Version 12.00
# Visual Studio Version 16
VisualStudioVersion = 16.0.36631.11
MinimumVisualStudioVersion = 10.0.40219.1
Project("{FAE04EC0-301F-11D3-BF4B-00C04F79EFBC}") = "RateLimitService", "RateLimitService.csproj", "{D814D29E-AD68-45C3-A323-AA9E6A47EBAE}"
EndProject
Global
	GlobalSection(SolutionConfigurationPlatforms) = preSolution
		Debug|Any CPU = Debug|Any CPU
		Release|Any CPU = Release|Any CPU
	EndGlobalSection
	GlobalSection(ProjectConfigurationPlatforms) = postSolution
		{D814D29E-AD68-45C3-A323-AA9E6A47EBAE}.Debug|Any CPU.ActiveCfg = Debug|Any CPU
		{D814D29E-AD68-45C3-A323-AA9E6A47EBAE}.Debug|Any CPU.Build.0 = Debug|Any CPU
		{D814D29E-AD68-45C3-A323-AA9E6A47EBAE}.Release|Any CPU.ActiveCfg = Release|Any CPU
		{D814D29E-AD68-45C3-A323-AA9E6A47EBAE}.Release|Any CPU.Build.0 = Release|Any CPU
	EndGlobalSection
	GlobalSection(SolutionProperties) = preSolution
		HideSolutionNode = FALSE
	EndGlobalSection
	GlobalSection(ExtensibilityGlobals) = postSolution
		SolutionGuid = {E66A6FC7-5003-431C-A6DD-F6F1B4593952}
	EndGlobalSection
EndGlobal
